
Microsoft Visual Studio Solution File, Format Version 12.00
# Visual Studio Version 17
VisualStudioVersion = 17.10.34928.147
MinimumVisualStudioVersion = 10.0.40219.1
Project("{9A19103F-16F7-4668-BE54-9A1E7A4F7556}") = "MyApp.Starter", "MyApp.Starter\MyApp.Starter.csproj", "{C1223B04-4754-4D75-A44C-DFE900E41E64}"
EndProject
Project("{9A19103F-16F7-4668-BE54-9A1E7A4F7556}") = "MyApp.Shared", "MyApp.Shared\MyApp.Shared.csproj", "{1FC19E34-02D1-48E6-A4F5-8FB8CA40D6BF}"
EndProject
Project("{2150E333-8FDC-42A3-9474-1A3956D46DE8}") = "Files", "Files", "{4362684B-BD46-43AF-A912-EF06837B3C85}"
	ProjectSection(SolutionItems) = preProject
		deps.props = deps.props
		ilrepack.props = ilrepack.props
		..\..\..\..\..\ProgramData\Autodesk\Revit\Addins\2022\MyApp.addin = ..\..\..\..\..\ProgramData\Autodesk\Revit\Addins\2022\MyApp.addin
	EndProjectSection
EndProject
Project("{9A19103F-16F7-4668-BE54-9A1E7A4F7556}") = "MyApp.MEP", "MyApp.MEP\MyApp.MEP.csproj", "{0B8AE5C4-0BE5-4AA7-A0DE-ECFBAAAAC845}"
EndProject
Global
	GlobalSection(SolutionConfigurationPlatforms) = preSolution
		Debug|Any CPU = Debug|Any CPU
		Release|Any CPU = Release|Any CPU
	EndGlobalSection
	GlobalSection(ProjectConfigurationPlatforms) = postSolution
		{C1223B04-4754-4D75-A44C-DFE900E41E64}.Debug|Any CPU.ActiveCfg = Debug|Any CPU
		{C1223B04-4754-4D75-A44C-DFE900E41E64}.Debug|Any CPU.Build.0 = Debug|Any CPU
		{C1223B04-4754-4D75-A44C-DFE900E41E64}.Release|Any CPU.ActiveCfg = Release|Any CPU
		{C1223B04-4754-4D75-A44C-DFE900E41E64}.Release|Any CPU.Build.0 = Release|Any CPU
		{1FC19E34-02D1-48E6-A4F5-8FB8CA40D6BF}.Debug|Any CPU.ActiveCfg = Debug|Any CPU
		{1FC19E34-02D1-48E6-A4F5-8FB8CA40D6BF}.Debug|Any CPU.Build.0 = Debug|Any CPU
		{1FC19E34-02D1-48E6-A4F5-8FB8CA40D6BF}.Release|Any CPU.ActiveCfg = Release|Any CPU
		{1FC19E34-02D1-48E6-A4F5-8FB8CA40D6BF}.Release|Any CPU.Build.0 = Release|Any CPU
		{0B8AE5C4-0BE5-4AA7-A0DE-ECFBAAAAC845}.Debug|Any CPU.ActiveCfg = Debug|Any CPU
		{0B8AE5C4-0BE5-4AA7-A0DE-ECFBAAAAC845}.Debug|Any CPU.Build.0 = Debug|Any CPU
		{0B8AE5C4-0BE5-4AA7-A0DE-ECFBAAAAC845}.Release|Any CPU.ActiveCfg = Release|Any CPU
		{0B8AE5C4-0BE5-4AA7-A0DE-ECFBAAAAC845}.Release|Any CPU.Build.0 = Release|Any CPU
	EndGlobalSection
	GlobalSection(SolutionProperties) = preSolution
		HideSolutionNode = FALSE
	EndGlobalSection
	GlobalSection(ExtensibilityGlobals) = postSolution
		SolutionGuid = {E0B05F40-D665-451C-BCE4-C5F04C46D7DB}
	EndGlobalSection
EndGlobal
